
Microsoft Visual Studio Solution File, Format Version 12.00
# Visual Studio Version 16
VisualStudioVersion = 16.0.30406.217
MinimumVisualStudioVersion = 15.0.26124.0
Project("{9A19103F-16F7-4668-BE54-9A1E7A4F7556}") = "ReCT", "ReCT\ReCT.csproj", "{6FE6F7CC-1626-4731-9B68-7236B5A4C94C}"
EndProject
Project("{9A19103F-16F7-4668-BE54-9A1E7A4F7556}") = "rctc", "rctc\rctc.csproj", "{016A06A3-0FED-42BE-99CA-74FDE1D0D03D}"
EndProject
Global
	GlobalSection(SolutionConfigurationPlatforms) = preSolution
		Debug|Any CPU = Debug|Any CPU
		Debug|x64 = Debug|x64
		Debug|x86 = Debug|x86
		Release|Any CPU = Release|Any CPU
		Release|x64 = Release|x64
		Release|x86 = Release|x86
	EndGlobalSection
	GlobalSection(ProjectConfigurationPlatforms) = postSolution		
		{6FE6F7CC-1626-4731-9B68-7236B5A4C94C}.Debug|Any CPU.ActiveCfg = Debug|Any CPU
		{6FE6F7CC-1626-4731-9B68-7236B5A4C94C}.Debug|Any CPU.Build.0 = Debug|Any CPU
		{6FE6F7CC-1626-4731-9B68-7236B5A4C94C}.Debug|x64.ActiveCfg = Debug|Any CPU
		{6FE6F7CC-1626-4731-9B68-7236B5A4C94C}.Debug|x64.Build.0 = Debug|Any CPU
		{6FE6F7CC-1626-4731-9B68-7236B5A4C94C}.Debug|x86.ActiveCfg = Debug|Any CPU
		{6FE6F7CC-1626-4731-9B68-7236B5A4C94C}.Debug|x86.Build.0 = Debug|Any CPU
		{6FE6F7CC-1626-4731-9B68-7236B5A4C94C}.Release|Any CPU.ActiveCfg = Release|Any CPU
		{6FE6F7CC-1626-4731-9B68-7236B5A4C94C}.Release|Any CPU.Build.0 = Release|Any CPU
		{6FE6F7CC-1626-4731-9B68-7236B5A4C94C}.Release|x64.ActiveCfg = Release|Any CPU
		{6FE6F7CC-1626-4731-9B68-7236B5A4C94C}.Release|x64.Build.0 = Release|Any CPU
		{6FE6F7CC-1626-4731-9B68-7236B5A4C94C}.Release|x86.ActiveCfg = Release|Any CPU
		{6FE6F7CC-1626-4731-9B68-7236B5A4C94C}.Release|x86.Build.0 = Release|Any CPU
		{016A06A3-0FED-42BE-99CA-74FDE1D0D03D}.Debug|Any CPU.ActiveCfg = Debug|Any CPU
		{016A06A3-0FED-42BE-99CA-74FDE1D0D03D}.Debug|Any CPU.Build.0 = Debug|Any CPU
		{016A06A3-0FED-42BE-99CA-74FDE1D0D03D}.Debug|x64.ActiveCfg = Debug|Any CPU
		{016A06A3-0FED-42BE-99CA-74FDE1D0D03D}.Debug|x64.Build.0 = Debug|Any CPU
		{016A06A3-0FED-42BE-99CA-74FDE1D0D03D}.Debug|x86.ActiveCfg = Debug|Any CPU
		{016A06A3-0FED-42BE-99CA-74FDE1D0D03D}.Debug|x86.Build.0 = Debug|Any CPU
		{016A06A3-0FED-42BE-99CA-74FDE1D0D03D}.Release|Any CPU.ActiveCfg = Release|Any CPU
		{016A06A3-0FED-42BE-99CA-74FDE1D0D03D}.Release|Any CPU.Build.0 = Release|Any CPU
		{016A06A3-0FED-42BE-99CA-74FDE1D0D03D}.Release|x64.ActiveCfg = Release|Any CPU
		{016A06A3-0FED-42BE-99CA-74FDE1D0D03D}.Release|x64.Build.0 = Release|Any CPU
		{016A06A3-0FED-42BE-99CA-74FDE1D0D03D}.Release|x86.ActiveCfg = Release|Any CPU
		{016A06A3-0FED-42BE-99CA-74FDE1D0D03D}.Release|x86.Build.0 = Release|Any CPU
	EndGlobalSection
	GlobalSection(SolutionProperties) = preSolution
		HideSolutionNode = FALSE
	EndGlobalSection
	GlobalSection(ExtensibilityGlobals) = postSolution
		SolutionGuid = {009C7054-FEFE-4D13-9D59-F722CC8B8593}
	EndGlobalSection
EndGlobal
