
Microsoft Visual Studio Solution File, Format Version 12.00
# Visual Studio Version 16
VisualStudioVersion = 16.0.30406.217
MinimumVisualStudioVersion = 10.0.40219.1
Project("{FAE04EC0-301F-11D3-BF4B-00C04F79EFBC}") = "ReCT Installer", "ReCT Installer\ReCT Installer.csproj", "{A3638607-8F82-4D59-84A8-F800E7F11341}"
EndProject
Global
	GlobalSection(SolutionConfigurationPlatforms) = preSolution
		Debug|Any CPU = Debug|Any CPU
		Release|Any CPU = Release|Any CPU
	EndGlobalSection
	GlobalSection(ProjectConfigurationPlatforms) = postSolution
		{A3638607-8F82-4D59-84A8-F800E7F11341}.Debug|Any CPU.ActiveCfg = Debug|Any CPU
		{A3638607-8F82-4D59-84A8-F800E7F11341}.Debug|Any CPU.Build.0 = Debug|Any CPU
		{A3638607-8F82-4D59-84A8-F800E7F11341}.Release|Any CPU.ActiveCfg = Release|Any CPU
		{A3638607-8F82-4D59-84A8-F800E7F11341}.Release|Any CPU.Build.0 = Release|Any CPU
	EndGlobalSection
	GlobalSection(SolutionProperties) = preSolution
		HideSolutionNode = FALSE
	EndGlobalSection
	GlobalSection(ExtensibilityGlobals) = postSolution
		SolutionGuid = {3A150251-4AB7-40B1-A858-61441038C9DE}
	EndGlobalSection
EndGlobal
